// !$*UTF8*$!
{
	archiveVersion = 1;
	classes = {
	};
	objectVersion = 46;
	objects = {

/* Begin PBXBuildFile section */
		888E7E64139D7D80008D706F /* profileManager.rb in Resources */ = {isa = PBXBuildFile; fileRef = 888E7E63139D7D80008D706F /* profileManager.rb */; };
		88975A9E1396E19600D3E4E7 /* Cocoa.framework in Frameworks */ = {isa = PBXBuildFile; fileRef = 88975A9D1396E19600D3E4E7 /* Cocoa.framework */; };
		88975AA71396E19600D3E4E7 /* InfoPlist.strings in Resources */ = {isa = PBXBuildFile; fileRef = 88975AA51396E19600D3E4E7 /* InfoPlist.strings */; };
		88975AAA1396E19600D3E4E7 /* main.m in Sources */ = {isa = PBXBuildFile; fileRef = 88975AA91396E19600D3E4E7 /* main.m */; };
		88975AAE1396E19600D3E4E7 /* MainMenu.xib in Resources */ = {isa = PBXBuildFile; fileRef = 88975AAC1396E19600D3E4E7 /* MainMenu.xib */; };
		88975AB11396E19600D3E4E7 /* rb_main.rb in Resources */ = {isa = PBXBuildFile; fileRef = 88975AB01396E19600D3E4E7 /* rb_main.rb */; };
		88975AB31396E19600D3E4E7 /* AppDelegate.rb in Resources */ = {isa = PBXBuildFile; fileRef = 88975AB21396E19600D3E4E7 /* AppDelegate.rb */; };
		88A0976413A196AE00DF7A0E /* RubySync.icns in Resources */ = {isa = PBXBuildFile; fileRef = 88A0976313A196AE00DF7A0E /* RubySync.icns */; };
		88A0976613A19A0B00DF7A0E /* menuIcon.png in Resources */ = {isa = PBXBuildFile; fileRef = 88A0976513A19A0B00DF7A0E /* menuIcon.png */; };
		88A0976813A19A7100DF7A0E /* menuIcon_small.png in Resources */ = {isa = PBXBuildFile; fileRef = 88A0976713A19A7100DF7A0E /* menuIcon_small.png */; };
		88AC4B601399C7BE00D4E344 /* MacRuby.framework in Frameworks */ = {isa = PBXBuildFile; fileRef = 88AC4B5F1399C7BE00D4E344 /* MacRuby.framework */; };
/* End PBXBuildFile section */

/* Begin PBXContainerItemProxy section */
		88A0974913A1694200DF7A0E /* PBXContainerItemProxy */ = {
			isa = PBXContainerItemProxy;
			containerPortal = 88975A901396E19500D3E4E7 /* Project object */;
			proxyType = 1;
			remoteGlobalIDString = 88975A981396E19500D3E4E7;
			remoteInfo = RubySync;
		};
/* End PBXContainerItemProxy section */

/* Begin PBXFileReference section */
		888E7E63139D7D80008D706F /* profileManager.rb */ = {isa = PBXFileReference; fileEncoding = 4; lastKnownFileType = text.script.ruby; path = profileManager.rb; sourceTree = "<group>"; };
		888E7E76139DBAB2008D706F /* test.rb */ = {isa = PBXFileReference; lastKnownFileType = text.script.ruby; path = test.rb; sourceTree = "<group>"; };
		88975A991396E19600D3E4E7 /* RubySync.app */ = {isa = PBXFileReference; explicitFileType = wrapper.application; includeInIndex = 0; path = RubySync.app; sourceTree = BUILT_PRODUCTS_DIR; };
		88975A9D1396E19600D3E4E7 /* Cocoa.framework */ = {isa = PBXFileReference; lastKnownFileType = wrapper.framework; name = Cocoa.framework; path = System/Library/Frameworks/Cocoa.framework; sourceTree = SDKROOT; };
		88975AA41396E19600D3E4E7 /* RubySync-Info.plist */ = {isa = PBXFileReference; lastKnownFileType = text.plist.xml; path = "RubySync-Info.plist"; sourceTree = "<group>"; };
		88975AA61396E19600D3E4E7 /* en */ = {isa = PBXFileReference; lastKnownFileType = text.plist.strings; name = en; path = en.lproj/InfoPlist.strings; sourceTree = "<group>"; };
		88975AA81396E19600D3E4E7 /* RubySync-Prefix.pch */ = {isa = PBXFileReference; lastKnownFileType = sourcecode.c.h; path = "RubySync-Prefix.pch"; sourceTree = "<group>"; };
		88975AA91396E19600D3E4E7 /* main.m */ = {isa = PBXFileReference; lastKnownFileType = sourcecode.c.objc; path = main.m; sourceTree = "<group>"; };
		88975AAD1396E19600D3E4E7 /* en */ = {isa = PBXFileReference; lastKnownFileType = file.xib; name = en; path = en.lproj/MainMenu.xib; sourceTree = "<group>"; };
		88975AB01396E19600D3E4E7 /* rb_main.rb */ = {isa = PBXFileReference; lastKnownFileType = text.script.ruby; path = rb_main.rb; sourceTree = "<group>"; };
		88975AB21396E19600D3E4E7 /* AppDelegate.rb */ = {isa = PBXFileReference; lastKnownFileType = text.script.ruby; path = AppDelegate.rb; sourceTree = "<group>"; };
		88A0976313A196AE00DF7A0E /* RubySync.icns */ = {isa = PBXFileReference; lastKnownFileType = image.icns; path = RubySync.icns; sourceTree = SOURCE_ROOT; };
		88A0976513A19A0B00DF7A0E /* menuIcon.png */ = {isa = PBXFileReference; lastKnownFileType = image.png; path = menuIcon.png; sourceTree = "<group>"; };
		88A0976713A19A7100DF7A0E /* menuIcon_small.png */ = {isa = PBXFileReference; lastKnownFileType = image.png; path = menuIcon_small.png; sourceTree = "<group>"; };
		88AC4B5F1399C7BE00D4E344 /* MacRuby.framework */ = {isa = PBXFileReference; lastKnownFileType = wrapper.framework; name = MacRuby.framework; path = ../../../../Library/Frameworks/MacRuby.framework; sourceTree = "<group>"; };
/* End PBXFileReference section */

/* Begin PBXFrameworksBuildPhase section */
		88975A961396E19500D3E4E7 /* Frameworks */ = {
			isa = PBXFrameworksBuildPhase;
			buildActionMask = 2147483647;
			files = (
				88975A9E1396E19600D3E4E7 /* Cocoa.framework in Frameworks */,
				88AC4B601399C7BE00D4E344 /* MacRuby.framework in Frameworks */,
			);
			runOnlyForDeploymentPostprocessing = 0;
		};
/* End PBXFrameworksBuildPhase section */

/* Begin PBXGroup section */
		88975A8E1396E19500D3E4E7 = {
			isa = PBXGroup;
			children = (
				88975AA21396E19600D3E4E7 /* RubySync */,
				88975A9C1396E19600D3E4E7 /* Frameworks */,
				88975A9A1396E19600D3E4E7 /* Products */,
			);
			sourceTree = "<group>";
		};
		88975A9A1396E19600D3E4E7 /* Products */ = {
			isa = PBXGroup;
			children = (
				88975A991396E19600D3E4E7 /* RubySync.app */,
			);
			name = Products;
			sourceTree = "<group>";
		};
		88975A9C1396E19600D3E4E7 /* Frameworks */ = {
			isa = PBXGroup;
			children = (
				88AC4B5F1399C7BE00D4E344 /* MacRuby.framework */,
				88975A9D1396E19600D3E4E7 /* Cocoa.framework */,
			);
			name = Frameworks;
			sourceTree = "<group>";
		};
		88975AA21396E19600D3E4E7 /* RubySync */ = {
			isa = PBXGroup;
			children = (
				88975AB21396E19600D3E4E7 /* AppDelegate.rb */,
				888E7E76139DBAB2008D706F /* test.rb */,
				888E7E63139D7D80008D706F /* profileManager.rb */,
				88975AAB1396E19600D3E4E7 /* Resources */,
				88975AAF1396E19600D3E4E7 /* Other Sources */,
				88975AA31396E19600D3E4E7 /* Supporting Files */,
			);
			path = RubySync;
			sourceTree = "<group>";
		};
		88975AA31396E19600D3E4E7 /* Supporting Files */ = {
			isa = PBXGroup;
			children = (
				88975AA41396E19600D3E4E7 /* RubySync-Info.plist */,
				88975AA51396E19600D3E4E7 /* InfoPlist.strings */,
				88975AA81396E19600D3E4E7 /* RubySync-Prefix.pch */,
				88975AA91396E19600D3E4E7 /* main.m */,
			);
			name = "Supporting Files";
			sourceTree = "<group>";
		};
		88975AAB1396E19600D3E4E7 /* Resources */ = {
			isa = PBXGroup;
			children = (
				88A0976713A19A7100DF7A0E /* menuIcon_small.png */,
				88A0976513A19A0B00DF7A0E /* menuIcon.png */,
				88A0976313A196AE00DF7A0E /* RubySync.icns */,
				88975AAC1396E19600D3E4E7 /* MainMenu.xib */,
			);
			name = Resources;
			sourceTree = "<group>";
		};
		88975AAF1396E19600D3E4E7 /* Other Sources */ = {
			isa = PBXGroup;
			children = (
				88975AB01396E19600D3E4E7 /* rb_main.rb */,
			);
			name = "Other Sources";
			sourceTree = "<group>";
		};
/* End PBXGroup section */

/* Begin PBXLegacyTarget section */
		88975AA11396E19600D3E4E7 /* Deployment */ = {
			isa = PBXLegacyTarget;
			buildArgumentsString = "--compile --embed";
			buildConfigurationList = 88975AB91396E19600D3E4E7 /* Build configuration list for PBXLegacyTarget "Deployment" */;
			buildPhases = (
			);
			buildToolPath = /usr/local/bin/macruby_deploy;
			dependencies = (
				88A0974A13A1694200DF7A0E /* PBXTargetDependency */,
			);
			name = Deployment;
			passBuildSettingsInEnvironment = 1;
			productName = Deployment;
		};
/* End PBXLegacyTarget section */

/* Begin PBXNativeTarget section */
		88975A981396E19500D3E4E7 /* RubySync */ = {
			isa = PBXNativeTarget;
			buildConfigurationList = 88975AB61396E19600D3E4E7 /* Build configuration list for PBXNativeTarget "RubySync" */;
			buildPhases = (
				88975A951396E19500D3E4E7 /* Sources */,
				88975A961396E19500D3E4E7 /* Frameworks */,
				88975A971396E19500D3E4E7 /* Resources */,
			);
			buildRules = (
			);
			dependencies = (
			);
			name = RubySync;
			productName = RubySync;
			productReference = 88975A991396E19600D3E4E7 /* RubySync.app */;
			productType = "com.apple.product-type.application";
		};
/* End PBXNativeTarget section */

/* Begin PBXProject section */
		88975A901396E19500D3E4E7 /* Project object */ = {
			isa = PBXProject;
			attributes = {
				ORGANIZATIONNAME = "Dipartimento di Ingegneria Meccanica e Strutturale";
			};
			buildConfigurationList = 88975A931396E19500D3E4E7 /* Build configuration list for PBXProject "RubySync" */;
			compatibilityVersion = "Xcode 3.2";
			developmentRegion = English;
			hasScannedForEncodings = 0;
			knownRegions = (
				en,
			);
			mainGroup = 88975A8E1396E19500D3E4E7;
			productRefGroup = 88975A9A1396E19600D3E4E7 /* Products */;
			projectDirPath = "";
			projectRoot = "";
			targets = (
				88975A981396E19500D3E4E7 /* RubySync */,
				88975AA11396E19600D3E4E7 /* Deployment */,
			);
		};
/* End PBXProject section */

/* Begin PBXResourcesBuildPhase section */
		88975A971396E19500D3E4E7 /* Resources */ = {
			isa = PBXResourcesBuildPhase;
			buildActionMask = 2147483647;
			files = (
				88975AA71396E19600D3E4E7 /* InfoPlist.strings in Resources */,
				88975AAE1396E19600D3E4E7 /* MainMenu.xib in Resources */,
				88975AB11396E19600D3E4E7 /* rb_main.rb in Resources */,
				88975AB31396E19600D3E4E7 /* AppDelegate.rb in Resources */,
				888E7E64139D7D80008D706F /* profileManager.rb in Resources */,
				88A0976413A196AE00DF7A0E /* RubySync.icns in Resources */,
				88A0976613A19A0B00DF7A0E /* menuIcon.png in Resources */,
				88A0976813A19A7100DF7A0E /* menuIcon_small.png in Resources */,
			);
			runOnlyForDeploymentPostprocessing = 0;
		};
/* End PBXResourcesBuildPhase section */

/* Begin PBXSourcesBuildPhase section */
		88975A951396E19500D3E4E7 /* Sources */ = {
			isa = PBXSourcesBuildPhase;
			buildActionMask = 2147483647;
			files = (
				88975AAA1396E19600D3E4E7 /* main.m in Sources */,
			);
			runOnlyForDeploymentPostprocessing = 0;
		};
/* End PBXSourcesBuildPhase section */

/* Begin PBXTargetDependency section */
		88A0974A13A1694200DF7A0E /* PBXTargetDependency */ = {
			isa = PBXTargetDependency;
			target = 88975A981396E19500D3E4E7 /* RubySync */;
			targetProxy = 88A0974913A1694200DF7A0E /* PBXContainerItemProxy */;
		};
/* End PBXTargetDependency section */

/* Begin PBXVariantGroup section */
		88975AA51396E19600D3E4E7 /* InfoPlist.strings */ = {
			isa = PBXVariantGroup;
			children = (
				88975AA61396E19600D3E4E7 /* en */,
			);
			name = InfoPlist.strings;
			sourceTree = "<group>";
		};
		88975AAC1396E19600D3E4E7 /* MainMenu.xib */ = {
			isa = PBXVariantGroup;
			children = (
				88975AAD1396E19600D3E4E7 /* en */,
			);
			name = MainMenu.xib;
			sourceTree = "<group>";
		};
/* End PBXVariantGroup section */

/* Begin XCBuildConfiguration section */
		88975AB41396E19600D3E4E7 /* Debug */ = {
			isa = XCBuildConfiguration;
			buildSettings = {
				ARCHS = "$(ARCHS_STANDARD_32_64_BIT)";
				GCC_C_LANGUAGE_STANDARD = gnu99;
				GCC_OPTIMIZATION_LEVEL = 0;
				GCC_PREPROCESSOR_DEFINITIONS = DEBUG;
				GCC_SYMBOLS_PRIVATE_EXTERN = NO;
				GCC_VERSION = com.apple.compilers.llvm.clang.1_0;
				GCC_WARN_64_TO_32_BIT_CONVERSION = YES;
				GCC_WARN_ABOUT_RETURN_TYPE = YES;
				GCC_WARN_UNUSED_VARIABLE = YES;
				MACOSX_DEPLOYMENT_TARGET = 10.6;
				ONLY_ACTIVE_ARCH = YES;
				SDKROOT = macosx;
			};
			name = Debug;
		};
		88975AB51396E19600D3E4E7 /* Release */ = {
			isa = XCBuildConfiguration;
			buildSettings = {
				ARCHS = "$(ARCHS_STANDARD_32_64_BIT)";
				GCC_C_LANGUAGE_STANDARD = gnu99;
				GCC_VERSION = com.apple.compilers.llvm.clang.1_0;
				GCC_WARN_64_TO_32_BIT_CONVERSION = YES;
				GCC_WARN_ABOUT_RETURN_TYPE = YES;
				GCC_WARN_UNUSED_VARIABLE = YES;
				MACOSX_DEPLOYMENT_TARGET = 10.6;
				SDKROOT = macosx;
			};
			name = Release;
		};
		88975AB71396E19600D3E4E7 /* Debug */ = {
			isa = XCBuildConfiguration;
			buildSettings = {
				ALWAYS_SEARCH_USER_PATHS = NO;
				COPY_PHASE_STRIP = NO;
				GCC_DYNAMIC_NO_PIC = NO;
				GCC_ENABLE_OBJC_EXCEPTIONS = YES;
				GCC_ENABLE_OBJC_GC = required;
				GCC_PRECOMPILE_PREFIX_HEADER = YES;
				GCC_PREFIX_HEADER = "RubySync/RubySync-Prefix.pch";
				INFOPLIST_FILE = "RubySync/RubySync-Info.plist";
				PRODUCT_NAME = "$(TARGET_NAME)";
				WRAPPER_EXTENSION = app;
			};
			name = Debug;
		};
		88975AB81396E19600D3E4E7 /* Release */ = {
			isa = XCBuildConfiguration;
			buildSettings = {
				ALWAYS_SEARCH_USER_PATHS = NO;
				COPY_PHASE_STRIP = YES;
				DEBUG_INFORMATION_FORMAT = "dwarf-with-dsym";
				GCC_ENABLE_OBJC_EXCEPTIONS = YES;
				GCC_ENABLE_OBJC_GC = required;
				GCC_PRECOMPILE_PREFIX_HEADER = YES;
				GCC_PREFIX_HEADER = "RubySync/RubySync-Prefix.pch";
				INFOPLIST_FILE = "RubySync/RubySync-Info.plist";
				PRODUCT_NAME = "$(TARGET_NAME)";
				WRAPPER_EXTENSION = app;
			};
			name = Release;
		};
		88975ABA1396E19600D3E4E7 /* Debug */ = {
			isa = XCBuildConfiguration;
			buildSettings = {
			};
			name = Debug;
		};
		88975ABB1396E19600D3E4E7 /* Release */ = {
			isa = XCBuildConfiguration;
			buildSettings = {
			};
			name = Release;
		};
/* End XCBuildConfiguration section */

/* Begin XCConfigurationList section */
		88975A931396E19500D3E4E7 /* Build configuration list for PBXProject "RubySync" */ = {
			isa = XCConfigurationList;
			buildConfigurations = (
				88975AB41396E19600D3E4E7 /* Debug */,
				88975AB51396E19600D3E4E7 /* Release */,
			);
			defaultConfigurationIsVisible = 0;
			defaultConfigurationName = Release;
		};
		88975AB61396E19600D3E4E7 /* Build configuration list for PBXNativeTarget "RubySync" */ = {
			isa = XCConfigurationList;
			buildConfigurations = (
				88975AB71396E19600D3E4E7 /* Debug */,
				88975AB81396E19600D3E4E7 /* Release */,
			);
			defaultConfigurationIsVisible = 0;
			defaultConfigurationName = Release;
		};
		88975AB91396E19600D3E4E7 /* Build configuration list for PBXLegacyTarget "Deployment" */ = {
			isa = XCConfigurationList;
			buildConfigurations = (
				88975ABA1396E19600D3E4E7 /* Debug */,
				88975ABB1396E19600D3E4E7 /* Release */,
			);
			defaultConfigurationIsVisible = 0;
			defaultConfigurationName = Release;
		};
/* End XCConfigurationList section */
	};
	rootObject = 88975A901396E19500D3E4E7 /* Project object */;
}
